
Microsoft Visual Studio Solution File, Format Version 11.00
# Visual Studio 2010
Project("{FAE04EC0-301F-11D3-BF4B-00C04F79EFBC}") = "Assembly-CSharp", "Assembly-CSharp.csproj", "{2CDF4B32-CB24-F281-E347-1BA9224FB97E}"
EndProject
Global
	GlobalSection(SolutionConfigurationPlatforms) = preSolution
		Debug|Any CPU = Debug|Any CPU
		Release|Any CPU = Release|Any CPU
	EndGlobalSection
	GlobalSection(ProjectConfigurationPlatforms) = postSolution
		{2CDF4B32-CB24-F281-E347-1BA9224FB97E}.Debug|Any CPU.ActiveCfg = Debug|Any CPU
		{2CDF4B32-CB24-F281-E347-1BA9224FB97E}.Debug|Any CPU.Build.0 = Debug|Any CPU
		{2CDF4B32-CB24-F281-E347-1BA9224FB97E}.Release|Any CPU.ActiveCfg = Release|Any CPU
		{2CDF4B32-CB24-F281-E347-1BA9224FB97E}.Release|Any CPU.Build.0 = Release|Any CPU
	EndGlobalSection
	GlobalSection(SolutionProperties) = preSolution
		HideSolutionNode = FALSE
	EndGlobalSection
EndGlobal
