
Microsoft Visual Studio Solution File, Format Version 12.00
# Visual Studio 16
Project("{FAE04EC0-301F-11D3-BF4B-00C04F79EFBC}") = "Assembly-CSharp-firstpass", "Assembly-CSharp-firstpass.csproj", "{307F587A-E33C-BADF-CA07-689040184C68}"
EndProject
Project("{FAE04EC0-301F-11D3-BF4B-00C04F79EFBC}") = "Assembly-CSharp", "Assembly-CSharp.csproj", "{2CDF4B32-CB24-F281-E347-1BA9224FB97E}"
EndProject
Project("{FAE04EC0-301F-11D3-BF4B-00C04F79EFBC}") = "Assembly-CSharp-Editor-firstpass", "Assembly-CSharp-Editor-firstpass.csproj", "{7A826F66-B6C8-A3C2-7957-9248A869E24F}"
EndProject
Global
	GlobalSection(SolutionConfigurationPlatforms) = preSolution
		Debug|Any CPU = Debug|Any CPU
		Release|Any CPU = Release|Any CPU
	EndGlobalSection
	GlobalSection(ProjectConfigurationPlatforms) = postSolution
		{307F587A-E33C-BADF-CA07-689040184C68}.Debug|Any CPU.ActiveCfg = Debug|Any CPU
		{307F587A-E33C-BADF-CA07-689040184C68}.Debug|Any CPU.Build.0 = Debug|Any CPU
		{307F587A-E33C-BADF-CA07-689040184C68}.Release|Any CPU.ActiveCfg = Release|Any CPU
		{307F587A-E33C-BADF-CA07-689040184C68}.Release|Any CPU.Build.0 = Release|Any CPU
		{2CDF4B32-CB24-F281-E347-1BA9224FB97E}.Debug|Any CPU.ActiveCfg = Debug|Any CPU
		{2CDF4B32-CB24-F281-E347-1BA9224FB97E}.Debug|Any CPU.Build.0 = Debug|Any CPU
		{2CDF4B32-CB24-F281-E347-1BA9224FB97E}.Release|Any CPU.ActiveCfg = Release|Any CPU
		{2CDF4B32-CB24-F281-E347-1BA9224FB97E}.Release|Any CPU.Build.0 = Release|Any CPU
		{7A826F66-B6C8-A3C2-7957-9248A869E24F}.Debug|Any CPU.ActiveCfg = Debug|Any CPU
		{7A826F66-B6C8-A3C2-7957-9248A869E24F}.Debug|Any CPU.Build.0 = Debug|Any CPU
		{7A826F66-B6C8-A3C2-7957-9248A869E24F}.Release|Any CPU.ActiveCfg = Release|Any CPU
		{7A826F66-B6C8-A3C2-7957-9248A869E24F}.Release|Any CPU.Build.0 = Release|Any CPU
	EndGlobalSection
	GlobalSection(SolutionProperties) = preSolution
		HideSolutionNode = FALSE
	EndGlobalSection
EndGlobal
